
Microsoft Visual Studio Solution File, Format Version 12.00
# Visual Studio Version 17
VisualStudioVersion = 17.10.35027.167
MinimumVisualStudioVersion = 10.0.40219.1
Project("{FAE04EC0-301F-11D3-BF4B-00C04F79EFBC}") = "VongQuayMayMan", "VongQuayMayMan\VongQuayMayMan.csproj", "{9CCEF64B-2178-4C74-B672-E6948FD11B71}"
EndProject
Global
	GlobalSection(SolutionConfigurationPlatforms) = preSolution
		Debug|Any CPU = Debug|Any CPU
		Release|Any CPU = Release|Any CPU
	EndGlobalSection
	GlobalSection(ProjectConfigurationPlatforms) = postSolution
		{9CCEF64B-2178-4C74-B672-E6948FD11B71}.Debug|Any CPU.ActiveCfg = Debug|Any CPU
		{9CCEF64B-2178-4C74-B672-E6948FD11B71}.Debug|Any CPU.Build.0 = Debug|Any CPU
		{9CCEF64B-2178-4C74-B672-E6948FD11B71}.Release|Any CPU.ActiveCfg = Release|Any CPU
		{9CCEF64B-2178-4C74-B672-E6948FD11B71}.Release|Any CPU.Build.0 = Release|Any CPU
	EndGlobalSection
	GlobalSection(SolutionProperties) = preSolution
		HideSolutionNode = FALSE
	EndGlobalSection
	GlobalSection(ExtensibilityGlobals) = postSolution
		SolutionGuid = {238A2657-51F0-4622-BD02-BCA8D53DB740}
	EndGlobalSection
EndGlobal
